
Microsoft Visual Studio Solution File, Format Version 12.00
# Visual Studio Version 16
VisualStudioVersion = 16.0.31624.102
MinimumVisualStudioVersion = 10.0.40219.1
Project("{FAE04EC0-301F-11D3-BF4B-00C04F79EFBC}") = "LouveSystems.LagOps.ProfilerView", "LouveSystems.LagOps.ProfilerView\LouveSystems.LagOps.ProfilerView.csproj", "{0BFBB139-5789-42A6-A427-C60B89F08578}"
EndProject
Global
	GlobalSection(SolutionConfigurationPlatforms) = preSolution
		Debug|Any CPU = Debug|Any CPU
		Release|Any CPU = Release|Any CPU
	EndGlobalSection
	GlobalSection(ProjectConfigurationPlatforms) = postSolution
		{0BFBB139-5789-42A6-A427-C60B89F08578}.Debug|Any CPU.ActiveCfg = Debug|Any CPU
		{0BFBB139-5789-42A6-A427-C60B89F08578}.Debug|Any CPU.Build.0 = Debug|Any CPU
		{0BFBB139-5789-42A6-A427-C60B89F08578}.Release|Any CPU.ActiveCfg = Release|Any CPU
		{0BFBB139-5789-42A6-A427-C60B89F08578}.Release|Any CPU.Build.0 = Release|Any CPU
	EndGlobalSection
	GlobalSection(SolutionProperties) = preSolution
		HideSolutionNode = FALSE
	EndGlobalSection
	GlobalSection(ExtensibilityGlobals) = postSolution
		SolutionGuid = {4535ADE3-8DA2-4234-8864-C776E862E40B}
	EndGlobalSection
EndGlobal
